
Microsoft Visual Studio Solution File, Format Version 12.00
# Visual Studio Version 17
VisualStudioVersion = 17.10.35122.118
MinimumVisualStudioVersion = 10.0.40219.1
Project("{9A19103F-16F7-4668-BE54-9A1E7A4F7556}") = "Ex01", "ConsoleApp1\Ex01.csproj", "{F58FFC53-A609-4AB6-AFDB-859F51B12BBB}"
EndProject
Global
	GlobalSection(SolutionConfigurationPlatforms) = preSolution
		Debug|Any CPU = Debug|Any CPU
		Release|Any CPU = Release|Any CPU
	EndGlobalSection
	GlobalSection(ProjectConfigurationPlatforms) = postSolution
		{F58FFC53-A609-4AB6-AFDB-859F51B12BBB}.Debug|Any CPU.ActiveCfg = Debug|Any CPU
		{F58FFC53-A609-4AB6-AFDB-859F51B12BBB}.Debug|Any CPU.Build.0 = Debug|Any CPU
		{F58FFC53-A609-4AB6-AFDB-859F51B12BBB}.Release|Any CPU.ActiveCfg = Release|Any CPU
		{F58FFC53-A609-4AB6-AFDB-859F51B12BBB}.Release|Any CPU.Build.0 = Release|Any CPU
	EndGlobalSection
	GlobalSection(SolutionProperties) = preSolution
		HideSolutionNode = FALSE
	EndGlobalSection
	GlobalSection(ExtensibilityGlobals) = postSolution
		SolutionGuid = {CD4D0010-B93F-4531-AEB5-3FE00BB23A77}
	EndGlobalSection
EndGlobal
