
Microsoft Visual Studio Solution File, Format Version 12.00
# Visual Studio Version 17
VisualStudioVersion = 17.10.35122.118
MinimumVisualStudioVersion = 10.0.40219.1
Project("{FAE04EC0-301F-11D3-BF4B-00C04F79EFBC}") = "my-app", "my-app\my-app.csproj", "{09C9D3D0-117F-46E7-9F4D-70E76C7B15F4}"
EndProject
Global
	GlobalSection(SolutionConfigurationPlatforms) = preSolution
		Debug|Any CPU = Debug|Any CPU
		Release|Any CPU = Release|Any CPU
	EndGlobalSection
	GlobalSection(ProjectConfigurationPlatforms) = postSolution
		{09C9D3D0-117F-46E7-9F4D-70E76C7B15F4}.Debug|Any CPU.ActiveCfg = Debug|Any CPU
		{09C9D3D0-117F-46E7-9F4D-70E76C7B15F4}.Debug|Any CPU.Build.0 = Debug|Any CPU
		{09C9D3D0-117F-46E7-9F4D-70E76C7B15F4}.Release|Any CPU.ActiveCfg = Release|Any CPU
		{09C9D3D0-117F-46E7-9F4D-70E76C7B15F4}.Release|Any CPU.Build.0 = Release|Any CPU
	EndGlobalSection
	GlobalSection(SolutionProperties) = preSolution
		HideSolutionNode = FALSE
	EndGlobalSection
	GlobalSection(ExtensibilityGlobals) = postSolution
		SolutionGuid = {3B8830E2-1906-4052-93B7-157DB6ECD409}
	EndGlobalSection
EndGlobal
